
Microsoft Visual Studio Solution File, Format Version 12.00
# Visual Studio Version 17
VisualStudioVersion = 17.8.34309.116
MinimumVisualStudioVersion = 10.0.40219.1
Project("{FAE04EC0-301F-11D3-BF4B-00C04F79EFBC}") = "TaskMaster.Shared", "TaskMaster.Shared\TaskMaster.Shared.csproj", "{23F5CCC5-DF3C-4308-95F9-B2F479F5018D}"
EndProject
Project("{FAE04EC0-301F-11D3-BF4B-00C04F79EFBC}") = "TaskMaster.API", "TaskMaster.API\TaskMaster.API.csproj", "{29177FFC-E768-4F78-AC76-50D382D0BE7D}"
EndProject
Project("{FAE04EC0-301F-11D3-BF4B-00C04F79EFBC}") = "TaskMaster.WEB", "TaskMaster.WEB\TaskMaster.WEB.csproj", "{3A1438CF-2F97-456D-B56D-E86E97850FE4}"
EndProject
Global
	GlobalSection(SolutionConfigurationPlatforms) = preSolution
		Debug|Any CPU = Debug|Any CPU
		Release|Any CPU = Release|Any CPU
	EndGlobalSection
	GlobalSection(ProjectConfigurationPlatforms) = postSolution
		{23F5CCC5-DF3C-4308-95F9-B2F479F5018D}.Debug|Any CPU.ActiveCfg = Debug|Any CPU
		{23F5CCC5-DF3C-4308-95F9-B2F479F5018D}.Debug|Any CPU.Build.0 = Debug|Any CPU
		{23F5CCC5-DF3C-4308-95F9-B2F479F5018D}.Release|Any CPU.ActiveCfg = Release|Any CPU
		{23F5CCC5-DF3C-4308-95F9-B2F479F5018D}.Release|Any CPU.Build.0 = Release|Any CPU
		{29177FFC-E768-4F78-AC76-50D382D0BE7D}.Debug|Any CPU.ActiveCfg = Debug|Any CPU
		{29177FFC-E768-4F78-AC76-50D382D0BE7D}.Debug|Any CPU.Build.0 = Debug|Any CPU
		{29177FFC-E768-4F78-AC76-50D382D0BE7D}.Release|Any CPU.ActiveCfg = Release|Any CPU
		{29177FFC-E768-4F78-AC76-50D382D0BE7D}.Release|Any CPU.Build.0 = Release|Any CPU
		{3A1438CF-2F97-456D-B56D-E86E97850FE4}.Debug|Any CPU.ActiveCfg = Debug|Any CPU
		{3A1438CF-2F97-456D-B56D-E86E97850FE4}.Debug|Any CPU.Build.0 = Debug|Any CPU
		{3A1438CF-2F97-456D-B56D-E86E97850FE4}.Release|Any CPU.ActiveCfg = Release|Any CPU
		{3A1438CF-2F97-456D-B56D-E86E97850FE4}.Release|Any CPU.Build.0 = Release|Any CPU
	EndGlobalSection
	GlobalSection(SolutionProperties) = preSolution
		HideSolutionNode = FALSE
	EndGlobalSection
	GlobalSection(ExtensibilityGlobals) = postSolution
		SolutionGuid = {3B3BB97B-DA8F-4187-9F1D-6D879DB3C121}
	EndGlobalSection
EndGlobal
